github.com/cristalhq/acmd v0.9.1 h1:uHNM5G0L5QjCRlXfjJJ0T6oO8XAwE1vEhZAbQAKxPtI=
github.com/cristalhq/acmd v0.9.1/go.mod h1:LG5oa43pE/BbxtfMoImHCQN++0Su7dzipdgBjMCBVDQ=
github.com/mattn/go-sqlite3 v1.14.15 h1:vfoHhTN1af61xCRSWzFIWzx2YskyMTwHLrExkBOjvxI=
github.com/mattn/go-sqlite3 v1.14.15/go.mod h1:2eHXhiwb8IkHr+BDWZGa96P6+rkvnG63S2DGjv9HUNg=
github.com/mattn/go-sqlite3 v1.14.16 h1:yOQRA0RpS5PFz/oikGwBEqvAWhWg5ufRz4ETLjwpU1Y=
github.com/mattn/go-sqlite3 v1.14.16/go.mod h1:2eHXhiwb8IkHr+BDWZGa96P6+rkvnG63S2DGjv9HUNg=
github.com/rqlite/go-sqlite3 v1.26.0 h1:7lxtrkWE5er2gdhRiaxP9BqXj+IVFPDOjgtkhSxCTlY=
github.com/rqlite/go-sqlite3 v1.26.0/go.mod h1:nd4ooHtz396nqTudi+5u7stMN8EEkHjceyUARVYOceY=
